
Microsoft Visual Studio Solution File, Format Version 12.00
# Visual Studio Version 16
VisualStudioVersion = 16.0.30320.27
MinimumVisualStudioVersion = 10.0.40219.1
Project("{FAE04EC0-301F-11D3-BF4B-00C04F79EFBC}") = "Nightingale", "Nightingale\Nightingale.csproj", "{6B9D243C-105C-44E6-A873-0F92C6160442}"
EndProject
Global
	GlobalSection(SolutionConfigurationPlatforms) = preSolution
		Debug|Any CPU = Debug|Any CPU
		Release|Any CPU = Release|Any CPU
	EndGlobalSection
	GlobalSection(ProjectConfigurationPlatforms) = postSolution
		{6B9D243C-105C-44E6-A873-0F92C6160442}.Debug|Any CPU.ActiveCfg = Debug|Any CPU
		{6B9D243C-105C-44E6-A873-0F92C6160442}.Debug|Any CPU.Build.0 = Debug|Any CPU
		{6B9D243C-105C-44E6-A873-0F92C6160442}.Release|Any CPU.ActiveCfg = Release|Any CPU
		{6B9D243C-105C-44E6-A873-0F92C6160442}.Release|Any CPU.Build.0 = Release|Any CPU
	EndGlobalSection
	GlobalSection(SolutionProperties) = preSolution
		HideSolutionNode = FALSE
	EndGlobalSection
	GlobalSection(ExtensibilityGlobals) = postSolution
		SolutionGuid = {96800FBD-CDA7-4192-ACAC-7AFCA35F94AB}
	EndGlobalSection
EndGlobal
